<?xml version="1.0" encoding="utf-8"?>
<Project ToolsVersion="4.0" xmlns="http://schemas.microsoft.com/developer/msbuild/2003">
  <ItemGroup>
    <Filter Include="Source Files">
      <UniqueIdentifier>{4FC737F1-C7A5-4376-A066-2A32D752A2FF}</UniqueIdentifier>
      <Extensions>cpp;c;cc;cxx;c++;cppm;ixx;def;odl;idl;hpj;bat;asm;asmx</Extensions>
    </Filter>
    <Filter Include="Header Files">
      <UniqueIdentifier>{93995380-89BD-4b04-88EB-625FBE52EBFB}</UniqueIdentifier>
      <Extensions>h;hh;hpp;hxx;h++;hm;inl;inc;ipp;xsd</Extensions>
    </Filter>
    <Filter Include="Resource Files">
      <UniqueIdentifier>{67DA6AB6-F800-4c08-8B7A-83BB121AAD01}</UniqueIdentifier>
      <Extensions>rc;ico;cur;bmp;dlg;rc2;rct;bin;rgs;gif;jpg;jpeg;jpe;resx;tiff;tif;png;wav;mfcribbon-ms</Extensions>
    </Filter>
  </ItemGroup>
  <ItemGroup>
    <ClCompile Include="AppleCatcher.cpp">
      <Filter>Source Files</Filter>
    </ClCompile>
    <ClCompile Include="Display\display.cpp">
      <Filter>Source Files</Filter>
    </ClCompile>
    <ClCompile Include="States\stateMachine.cpp">
      <Filter>Source Files</Filter>
    </ClCompile>
    <ClCompile Include="Input\keyboard.cpp">
      <Filter>Source Files</Filter>
    </ClCompile>
    <ClCompile Include="Input\mouse.cpp">
      <Filter>Source Files</Filter>
    </ClCompile>
    <ClCompile Include="Misc\assetManager.cpp">
      <Filter>Source Files</Filter>
    </ClCompile>
    <ClCompile Include="States\mainMenuState.cpp">
      <Filter>Source Files</Filter>
    </ClCompile>
    <ClCompile Include="UI\uiText.cpp">
      <Filter>Source Files</Filter>
    </ClCompile>
    <ClCompile Include="UI\uiButton.cpp">
      <Filter>Source Files</Filter>
    </ClCompile>
    <ClCompile Include="States\gameState.cpp">
      <Filter>Source Files</Filter>
    </ClCompile>
    <ClCompile Include="Misc\delta.cpp">
      <Filter>Source Files</Filter>
    </ClCompile>
    <ClCompile Include="Entities\appleSpawner.cpp">
      <Filter>Source Files</Filter>
    </ClCompile>
    <ClCompile Include="Entities\player.cpp">
      <Filter>Source Files</Filter>
    </ClCompile>
    <ClCompile Include="Entities\apple.cpp">
      <Filter>Source Files</Filter>
    </ClCompile>
  </ItemGroup>
  <ItemGroup>
    <ClInclude Include="Display\display.h">
      <Filter>Header Files</Filter>
    </ClInclude>
    <ClInclude Include="States\state.h">
      <Filter>Header Files</Filter>
    </ClInclude>
    <ClInclude Include="States\stateMachine.h">
      <Filter>Header Files</Filter>
    </ClInclude>
    <ClInclude Include="Input\keyboard.h">
      <Filter>Header Files</Filter>
    </ClInclude>
    <ClInclude Include="Input\mouse.h">
      <Filter>Header Files</Filter>
    </ClInclude>
    <ClInclude Include="Misc\assetManager.h">
      <Filter>Header Files</Filter>
    </ClInclude>
    <ClInclude Include="Misc\assetLoader.hpp">
      <Filter>Header Files</Filter>
    </ClInclude>
    <ClInclude Include="States\mainMenuState.h">
      <Filter>Header Files</Filter>
    </ClInclude>
    <ClInclude Include="UI\uiText.h">
      <Filter>Header Files</Filter>
    </ClInclude>
    <ClInclude Include="UI\uiButton.h">
      <Filter>Header Files</Filter>
    </ClInclude>
    <ClInclude Include="States\gameState.h">
      <Filter>Header Files</Filter>
    </ClInclude>
    <ClInclude Include="Misc\delta.h">
      <Filter>Header Files</Filter>
    </ClInclude>
    <ClInclude Include="Entities\appleSpawner.h">
      <Filter>Header Files</Filter>
    </ClInclude>
    <ClInclude Include="Entities\player.h">
      <Filter>Header Files</Filter>
    </ClInclude>
    <ClInclude Include="Entities\apple.h">
      <Filter>Header Files</Filter>
    </ClInclude>
  </ItemGroup>
</Project>